Microsoft Visual Studio Solution File, Format Version 12.00
# Visual Studio Version 17
VisualStudioVersion = 17.5.2.0
MinimumVisualStudioVersion = 10.0.40219.1
Project("{FAE04EC0-301F-11D3-BF4B-00C04F79EFBC}") = "ControlBodega", "ControlBodega.csproj", "{FA042CAE-0197-941D-3CA1-CAFDFA0324A4}"
EndProject
Global
	GlobalSection(SolutionConfigurationPlatforms) = preSolution
		Debug|Any CPU = Debug|Any CPU
		Release|Any CPU = Release|Any CPU
	EndGlobalSection
	GlobalSection(ProjectConfigurationPlatforms) = postSolution
		{FA042CAE-0197-941D-3CA1-CAFDFA0324A4}.Debug|Any CPU.ActiveCfg = Debug|Any CPU
		{FA042CAE-0197-941D-3CA1-CAFDFA0324A4}.Debug|Any CPU.Build.0 = Debug|Any CPU
		{FA042CAE-0197-941D-3CA1-CAFDFA0324A4}.Release|Any CPU.ActiveCfg = Release|Any CPU
		{FA042CAE-0197-941D-3CA1-CAFDFA0324A4}.Release|Any CPU.Build.0 = Release|Any CPU
	EndGlobalSection
	GlobalSection(SolutionProperties) = preSolution
		HideSolutionNode = FALSE
	EndGlobalSection
	GlobalSection(ExtensibilityGlobals) = postSolution
		SolutionGuid = {034B2185-2F93-4278-93B3-256920C70E32}
	EndGlobalSection
EndGlobal
